
Microsoft Visual Studio Solution File, Format Version 12.00
# Visual Studio 2012
Project("{FAE04EC0-301F-11D3-BF4B-00C04F79EFBC}") = "FillTheRow", "FillTheRow\FillTheRow.csproj", "{72330215-EA4B-4254-AA6A-FC51ACA8244A}"
EndProject
Global
	GlobalSection(SolutionConfigurationPlatforms) = preSolution
		Debug|Any CPU = Debug|Any CPU
		Release|Any CPU = Release|Any CPU
	EndGlobalSection
	GlobalSection(ProjectConfigurationPlatforms) = postSolution
		{72330215-EA4B-4254-AA6A-FC51ACA8244A}.Debug|Any CPU.ActiveCfg = Debug|Any CPU
		{72330215-EA4B-4254-AA6A-FC51ACA8244A}.Debug|Any CPU.Build.0 = Debug|Any CPU
		{72330215-EA4B-4254-AA6A-FC51ACA8244A}.Release|Any CPU.ActiveCfg = Release|Any CPU
		{72330215-EA4B-4254-AA6A-FC51ACA8244A}.Release|Any CPU.Build.0 = Release|Any CPU
	EndGlobalSection
	GlobalSection(SolutionProperties) = preSolution
		HideSolutionNode = FALSE
	EndGlobalSection
EndGlobal
